// !$*UTF8*$!
{
	archiveVersion = 1;
	classes = {
	};
	objectVersion = 50;
	objects = {

/* Begin PBXBuildFile section */
		6C17714454403BF3AEDB2ECE /* Pods_Instagram.framework in Frameworks */ = {isa = PBXBuildFile; fileRef = 60666095B4EEB76287F76CB7 /* Pods_Instagram.framework */; };
		BD100795273542A1000C0C4C /* GoogleService-Info.plist in Resources */ = {isa = PBXBuildFile; fileRef = BD100794273542A1000C0C4C /* GoogleService-Info.plist */; };
		BD34C85B273414CD00BFC23B /* TabBarController.swift in Sources */ = {isa = PBXBuildFile; fileRef = BD34C85A273414CD00BFC23B /* TabBarController.swift */; };
		BD5047D32732348C0071EE9D /* AppDelegate.swift in Sources */ = {isa = PBXBuildFile; fileRef = BD5047D22732348C0071EE9D /* AppDelegate.swift */; };
		BD5047D52732348C0071EE9D /* SceneDelegate.swift in Sources */ = {isa = PBXBuildFile; fileRef = BD5047D42732348C0071EE9D /* SceneDelegate.swift */; };
		BD5047DA2732348C0071EE9D /* Main.storyboard in Resources */ = {isa = PBXBuildFile; fileRef = BD5047D82732348C0071EE9D /* Main.storyboard */; };
		BD5047DC2732348D0071EE9D /* Assets.xcassets in Resources */ = {isa = PBXBuildFile; fileRef = BD5047DB2732348D0071EE9D /* Assets.xcassets */; };
		BD5047DF2732348D0071EE9D /* LaunchScreen.storyboard in Resources */ = {isa = PBXBuildFile; fileRef = BD5047DD2732348D0071EE9D /* LaunchScreen.storyboard */; };
		BD5047F327323E910071EE9D /* SettingViewController.swift in Sources */ = {isa = PBXBuildFile; fileRef = BD5047F227323E910071EE9D /* SettingViewController.swift */; };
		BD5047F527323FAF0071EE9D /* LoginViewController.swift in Sources */ = {isa = PBXBuildFile; fileRef = BD5047F427323FAF0071EE9D /* LoginViewController.swift */; };
		BD5047F727323FFB0071EE9D /* HomeViewController.swift in Sources */ = {isa = PBXBuildFile; fileRef = BD5047F627323FFB0071EE9D /* HomeViewController.swift */; };
		BD5047F9273240330071EE9D /* ImageSelectViewController.swift in Sources */ = {isa = PBXBuildFile; fileRef = BD5047F8273240330071EE9D /* ImageSelectViewController.swift */; };
		BD5047FB2732406D0071EE9D /* PostViewController.swift in Sources */ = {isa = PBXBuildFile; fileRef = BD5047FA2732406D0071EE9D /* PostViewController.swift */; };
/* End PBXBuildFile section */

/* Begin PBXFileReference section */
		3ADEF7069A37AB1B5D05ADE6 /* Pods-Instagram.release.xcconfig */ = {isa = PBXFileReference; includeInIndex = 1; lastKnownFileType = text.xcconfig; name = "Pods-Instagram.release.xcconfig"; path = "Target Support Files/Pods-Instagram/Pods-Instagram.release.xcconfig"; sourceTree = "<group>"; };
		60666095B4EEB76287F76CB7 /* Pods_Instagram.framework */ = {isa = PBXFileReference; explicitFileType = wrapper.framework; includeInIndex = 0; path = Pods_Instagram.framework; sourceTree = BUILT_PRODUCTS_DIR; };
		64644C687AA4C0A99E785143 /* Pods-Instagram.debug.xcconfig */ = {isa = PBXFileReference; includeInIndex = 1; lastKnownFileType = text.xcconfig; name = "Pods-Instagram.debug.xcconfig"; path = "Target Support Files/Pods-Instagram/Pods-Instagram.debug.xcconfig"; sourceTree = "<group>"; };
		BD100794273542A1000C0C4C /* GoogleService-Info.plist */ = {isa = PBXFileReference; fileEncoding = 4; lastKnownFileType = text.plist.xml; path = "GoogleService-Info.plist"; sourceTree = "<group>"; };
		BD34C85A273414CD00BFC23B /* TabBarController.swift */ = {isa = PBXFileReference; lastKnownFileType = sourcecode.swift; path = TabBarController.swift; sourceTree = "<group>"; };
		BD5047CF2732348C0071EE9D /* Instagram.app */ = {isa = PBXFileReference; explicitFileType = wrapper.application; includeInIndex = 0; path = Instagram.app; sourceTree = BUILT_PRODUCTS_DIR; };
		BD5047D22732348C0071EE9D /* AppDelegate.swift */ = {isa = PBXFileReference; lastKnownFileType = sourcecode.swift; path = AppDelegate.swift; sourceTree = "<group>"; };
		BD5047D42732348C0071EE9D /* SceneDelegate.swift */ = {isa = PBXFileReference; lastKnownFileType = sourcecode.swift; path = SceneDelegate.swift; sourceTree = "<group>"; };
		BD5047D92732348C0071EE9D /* Base */ = {isa = PBXFileReference; lastKnownFileType = file.storyboard; name = Base; path = Base.lproj/Main.storyboard; sourceTree = "<group>"; };
		BD5047DB2732348D0071EE9D /* Assets.xcassets */ = {isa = PBXFileReference; lastKnownFileType = folder.assetcatalog; path = Assets.xcassets; sourceTree = "<group>"; };
		BD5047DE2732348D0071EE9D /* Base */ = {isa = PBXFileReference; lastKnownFileType = file.storyboard; name = Base; path = Base.lproj/LaunchScreen.storyboard; sourceTree = "<group>"; };
		BD5047E02732348D0071EE9D /* Info.plist */ = {isa = PBXFileReference; lastKnownFileType = text.plist.xml; path = Info.plist; sourceTree = "<group>"; };
		BD5047F227323E910071EE9D /* SettingViewController.swift */ = {isa = PBXFileReference; lastKnownFileType = sourcecode.swift; path = SettingViewController.swift; sourceTree = "<group>"; };
		BD5047F427323FAF0071EE9D /* LoginViewController.swift */ = {isa = PBXFileReference; lastKnownFileType = sourcecode.swift; path = LoginViewController.swift; sourceTree = "<group>"; };
		BD5047F627323FFB0071EE9D /* HomeViewController.swift */ = {isa = PBXFileReference; lastKnownFileType = sourcecode.swift; path = HomeViewController.swift; sourceTree = "<group>"; };
		BD5047F8273240330071EE9D /* ImageSelectViewController.swift */ = {isa = PBXFileReference; lastKnownFileType = sourcecode.swift; path = ImageSelectViewController.swift; sourceTree = "<group>"; };
		BD5047FA2732406D0071EE9D /* PostViewController.swift */ = {isa = PBXFileReference; lastKnownFileType = sourcecode.swift; path = PostViewController.swift; sourceTree = "<group>"; };
/* End PBXFileReference section */

/* Begin PBXFrameworksBuildPhase section */
		BD5047CC2732348C0071EE9D /* Frameworks */ = {
			isa = PBXFrameworksBuildPhase;
			buildActionMask = 2147483647;
			files = (
				6C17714454403BF3AEDB2ECE /* Pods_Instagram.framework in Frameworks */,
			);
			runOnlyForDeploymentPostprocessing = 0;
		};
/* End PBXFrameworksBuildPhase section */

/* Begin PBXGroup section */
		007F0596A6587A68ED0C9242 /* Pods */ = {
			isa = PBXGroup;
			children = (
				64644C687AA4C0A99E785143 /* Pods-Instagram.debug.xcconfig */,
				3ADEF7069A37AB1B5D05ADE6 /* Pods-Instagram.release.xcconfig */,
			);
			name = Pods;
			path = Pods;
			sourceTree = "<group>";
		};
		698328F2E969B646B81BA8EE /* Frameworks */ = {
			isa = PBXGroup;
			children = (
				60666095B4EEB76287F76CB7 /* Pods_Instagram.framework */,
			);
			name = Frameworks;
			sourceTree = "<group>";
		};
		BD5047C62732348C0071EE9D = {
			isa = PBXGroup;
			children = (
				BD5047D12732348C0071EE9D /* Instagram */,
				BD5047D02732348C0071EE9D /* Products */,
				007F0596A6587A68ED0C9242 /* Pods */,
				698328F2E969B646B81BA8EE /* Frameworks */,
			);
			sourceTree = "<group>";
		};
		BD5047D02732348C0071EE9D /* Products */ = {
			isa = PBXGroup;
			children = (
				BD5047CF2732348C0071EE9D /* Instagram.app */,
			);
			name = Products;
			sourceTree = "<group>";
		};
		BD5047D12732348C0071EE9D /* Instagram */ = {
			isa = PBXGroup;
			children = (
				BD5047D22732348C0071EE9D /* AppDelegate.swift */,
				BD5047D42732348C0071EE9D /* SceneDelegate.swift */,
				BD5047F227323E910071EE9D /* SettingViewController.swift */,
				BD5047F427323FAF0071EE9D /* LoginViewController.swift */,
				BD5047F627323FFB0071EE9D /* HomeViewController.swift */,
				BD5047F8273240330071EE9D /* ImageSelectViewController.swift */,
				BD5047FA2732406D0071EE9D /* PostViewController.swift */,
				BD34C85A273414CD00BFC23B /* TabBarController.swift */,
				BD5047D82732348C0071EE9D /* Main.storyboard */,
				BD5047DB2732348D0071EE9D /* Assets.xcassets */,
				BD5047DD2732348D0071EE9D /* LaunchScreen.storyboard */,
				BD5047E02732348D0071EE9D /* Info.plist */,
				BD100794273542A1000C0C4C /* GoogleService-Info.plist */,
			);
			path = Instagram;
			sourceTree = "<group>";
		};
/* End PBXGroup section */

/* Begin PBXNativeTarget section */
		BD5047CE2732348C0071EE9D /* Instagram */ = {
			isa = PBXNativeTarget;
			buildConfigurationList = BD5047E32732348D0071EE9D /* Build configuration list for PBXNativeTarget "Instagram" */;
			buildPhases = (
				43973327946198125997B5A8 /* [CP] Check Pods Manifest.lock */,
				BD5047CB2732348C0071EE9D /* Sources */,
				BD5047CC2732348C0071EE9D /* Frameworks */,
				BD5047CD2732348C0071EE9D /* Resources */,
				A14793FCC1AF674296BE16A4 /* [CP] Embed Pods Frameworks */,
			);
			buildRules = (
			);
			dependencies = (
			);
			name = Instagram;
			productName = Instagram;
			productReference = BD5047CF2732348C0071EE9D /* Instagram.app */;
			productType = "com.apple.product-type.application";
		};
/* End PBXNativeTarget section */

/* Begin PBXProject section */
		BD5047C72732348C0071EE9D /* Project object */ = {
			isa = PBXProject;
			attributes = {
				LastSwiftUpdateCheck = 1250;
				LastUpgradeCheck = 1250;
				TargetAttributes = {
					BD5047CE2732348C0071EE9D = {
						CreatedOnToolsVersion = 12.5.1;
					};
				};
			};
			buildConfigurationList = BD5047CA2732348C0071EE9D /* Build configuration list for PBXProject "Instagram" */;
			compatibilityVersion = "Xcode 9.3";
			developmentRegion = en;
			hasScannedForEncodings = 0;
			knownRegions = (
				en,
				Base,
			);
			mainGroup = BD5047C62732348C0071EE9D;
			productRefGroup = BD5047D02732348C0071EE9D /* Products */;
			projectDirPath = "";
			projectRoot = "";
			targets = (
				BD5047CE2732348C0071EE9D /* Instagram */,
			);
		};
/* End PBXProject section */

/* Begin PBXResourcesBuildPhase section */
		BD5047CD2732348C0071EE9D /* Resources */ = {
			isa = PBXResourcesBuildPhase;
			buildActionMask = 2147483647;
			files = (
				BD5047DF2732348D0071EE9D /* LaunchScreen.storyboard in Resources */,
				BD100795273542A1000C0C4C /* GoogleService-Info.plist in Resources */,
				BD5047DC2732348D0071EE9D /* Assets.xcassets in Resources */,
				BD5047DA2732348C0071EE9D /* Main.storyboard in Resources */,
			);
			runOnlyForDeploymentPostprocessing = 0;
		};
/* End PBXResourcesBuildPhase section */

/* Begin PBXShellScriptBuildPhase section */
		43973327946198125997B5A8 /* [CP] Check Pods Manifest.lock */ = {
			isa = PBXShellScriptBuildPhase;
			buildActionMask = 2147483647;
			files = (
			);
			inputFileListPaths = (
			);
			inputPaths = (
				"${PODS_PODFILE_DIR_PATH}/Podfile.lock",
				"${PODS_ROOT}/Manifest.lock",
			);
			name = "[CP] Check Pods Manifest.lock";
			outputFileListPaths = (
			);
			outputPaths = (
				"$(DERIVED_FILE_DIR)/Pods-Instagram-checkManifestLockResult.txt",
			);
			runOnlyForDeploymentPostprocessing = 0;
			shellPath = /bin/sh;
			shellScript = "diff \"${PODS_PODFILE_DIR_PATH}/Podfile.lock\" \"${PODS_ROOT}/Manifest.lock\" > /dev/null\nif [ $? != 0 ] ; then\n    # print error to STDERR\n    echo \"error: The sandbox is not in sync with the Podfile.lock. Run 'pod install' or update your CocoaPods installation.\" >&2\n    exit 1\nfi\n# This output is used by Xcode 'outputs' to avoid re-running this script phase.\necho \"SUCCESS\" > \"${SCRIPT_OUTPUT_FILE_0}\"\n";
			showEnvVarsInLog = 0;
		};
		A14793FCC1AF674296BE16A4 /* [CP] Embed Pods Frameworks */ = {
			isa = PBXShellScriptBuildPhase;
			buildActionMask = 2147483647;
			files = (
			);
			inputFileListPaths = (
				"${PODS_ROOT}/Target Support Files/Pods-Instagram/Pods-Instagram-frameworks-${CONFIGURATION}-input-files.xcfilelist",
			);
			name = "[CP] Embed Pods Frameworks";
			outputFileListPaths = (
				"${PODS_ROOT}/Target Support Files/Pods-Instagram/Pods-Instagram-frameworks-${CONFIGURATION}-output-files.xcfilelist",
			);
			runOnlyForDeploymentPostprocessing = 0;
			shellPath = /bin/sh;
			shellScript = "\"${PODS_ROOT}/Target Support Files/Pods-Instagram/Pods-Instagram-frameworks.sh\"\n";
			showEnvVarsInLog = 0;
		};
/* End PBXShellScriptBuildPhase section */

/* Begin PBXSourcesBuildPhase section */
		BD5047CB2732348C0071EE9D /* Sources */ = {
			isa = PBXSourcesBuildPhase;
			buildActionMask = 2147483647;
			files = (
				BD5047FB2732406D0071EE9D /* PostViewController.swift in Sources */,
				BD34C85B273414CD00BFC23B /* TabBarController.swift in Sources */,
				BD5047F9273240330071EE9D /* ImageSelectViewController.swift in Sources */,
				BD5047D32732348C0071EE9D /* AppDelegate.swift in Sources */,
				BD5047D52732348C0071EE9D /* SceneDelegate.swift in Sources */,
				BD5047F527323FAF0071EE9D /* LoginViewController.swift in Sources */,
				BD5047F327323E910071EE9D /* SettingViewController.swift in Sources */,
				BD5047F727323FFB0071EE9D /* HomeViewController.swift in Sources */,
			);
			runOnlyForDeploymentPostprocessing = 0;
		};
/* End PBXSourcesBuildPhase section */

/* Begin PBXVariantGroup section */
		BD5047D82732348C0071EE9D /* Main.storyboard */ = {
			isa = PBXVariantGroup;
			children = (
				BD5047D92732348C0071EE9D /* Base */,
			);
			name = Main.storyboard;
			sourceTree = "<group>";
		};
		BD5047DD2732348D0071EE9D /* LaunchScreen.storyboard */ = {
			isa = PBXVariantGroup;
			children = (
				BD5047DE2732348D0071EE9D /* Base */,
			);
			name = LaunchScreen.storyboard;
			sourceTree = "<group>";
		};
/* End PBXVariantGroup section */

/* Begin XCBuildConfiguration section */
		BD5047E12732348D0071EE9D /* Debug */ = {
			isa = XCBuildConfiguration;
			buildSettings = {
				ALWAYS_SEARCH_USER_PATHS = NO;
				CLANG_ANALYZER_NONNULL = YES;
				CLANG_ANALYZER_NUMBER_OBJECT_CONVERSION = YES_AGGRESSIVE;
				CLANG_CXX_LANGUAGE_STANDARD = "gnu++14";
				CLANG_CXX_LIBRARY = "libc++";
				CLANG_ENABLE_MODULES = YES;
				CLANG_ENABLE_OBJC_ARC = YES;
				CLANG_ENABLE_OBJC_WEAK = YES;
				CLANG_WARN_BLOCK_CAPTURE_AUTORELEASING = YES;
				CLANG_WARN_BOOL_CONVERSION = YES;
				CLANG_WARN_COMMA = YES;
				CLANG_WARN_CONSTANT_CONVERSION = YES;
				CLANG_WARN_DEPRECATED_OBJC_IMPLEMENTATIONS = YES;
				CLANG_WARN_DIRECT_OBJC_ISA_USAGE = YES_ERROR;
				CLANG_WARN_DOCUMENTATION_COMMENTS = YES;
				CLANG_WARN_EMPTY_BODY = YES;
				CLANG_WARN_ENUM_CONVERSION = YES;
				CLANG_WARN_INFINITE_RECURSION = YES;
				CLANG_WARN_INT_CONVERSION = YES;
				CLANG_WARN_NON_LITERAL_NULL_CONVERSION = YES;
				CLANG_WARN_OBJC_IMPLICIT_RETAIN_SELF = YES;
				CLANG_WARN_OBJC_LITERAL_CONVERSION = YES;
				CLANG_WARN_OBJC_ROOT_CLASS = YES_ERROR;
				CLANG_WARN_QUOTED_INCLUDE_IN_FRAMEWORK_HEADER = YES;
				CLANG_WARN_RANGE_LOOP_ANALYSIS = YES;
				CLANG_WARN_STRICT_PROTOTYPES = YES;
				CLANG_WARN_SUSPICIOUS_MOVE = YES;
				CLANG_WARN_UNGUARDED_AVAILABILITY = YES_AGGRESSIVE;
				CLANG_WARN_UNREACHABLE_CODE = YES;
				CLANG_WARN__DUPLICATE_METHOD_MATCH = YES;
				COPY_PHASE_STRIP = NO;
				DEBUG_INFORMATION_FORMAT = dwarf;
				ENABLE_STRICT_OBJC_MSGSEND = YES;
				ENABLE_TESTABILITY = YES;
				GCC_C_LANGUAGE_STANDARD = gnu11;
				GCC_DYNAMIC_NO_PIC = NO;
				GCC_NO_COMMON_BLOCKS = YES;
				GCC_OPTIMIZATION_LEVEL = 0;
				GCC_PREPROCESSOR_DEFINITIONS = (
					"DEBUG=1",
					"$(inherited)",
				);
				GCC_WARN_64_TO_32_BIT_CONVERSION = YES;
				GCC_WARN_ABOUT_RETURN_TYPE = YES_ERROR;
				GCC_WARN_UNDECLARED_SELECTOR = YES;
				GCC_WARN_UNINITIALIZED_AUTOS = YES_AGGRESSIVE;
				GCC_WARN_UNUSED_FUNCTION = YES;
				GCC_WARN_UNUSED_VARIABLE = YES;
				IPHONEOS_DEPLOYMENT_TARGET = 14.5;
				MTL_ENABLE_DEBUG_INFO = INCLUDE_SOURCE;
				MTL_FAST_MATH = YES;
				ONLY_ACTIVE_ARCH = YES;
				SDKROOT = iphoneos;
				SWIFT_ACTIVE_COMPILATION_CONDITIONS = DEBUG;
				SWIFT_OPTIMIZATION_LEVEL = "-Onone";
			};
			name = Debug;
		};
		BD5047E22732348D0071EE9D /* Release */ = {
			isa = XCBuildConfiguration;
			buildSettings = {
				ALWAYS_SEARCH_USER_PATHS = NO;
				CLANG_ANALYZER_NONNULL = YES;
				CLANG_ANALYZER_NUMBER_OBJECT_CONVERSION = YES_AGGRESSIVE;
				CLANG_CXX_LANGUAGE_STANDARD = "gnu++14";
				CLANG_CXX_LIBRARY = "libc++";
				CLANG_ENABLE_MODULES = YES;
				CLANG_ENABLE_OBJC_ARC = YES;
				CLANG_ENABLE_OBJC_WEAK = YES;
				CLANG_WARN_BLOCK_CAPTURE_AUTORELEASING = YES;
				CLANG_WARN_BOOL_CONVERSION = YES;
				CLANG_WARN_COMMA = YES;
				CLANG_WARN_CONSTANT_CONVERSION = YES;
				CLANG_WARN_DEPRECATED_OBJC_IMPLEMENTATIONS = YES;
				CLANG_WARN_DIRECT_OBJC_ISA_USAGE = YES_ERROR;
				CLANG_WARN_DOCUMENTATION_COMMENTS = YES;
				CLANG_WARN_EMPTY_BODY = YES;
				CLANG_WARN_ENUM_CONVERSION = YES;
				CLANG_WARN_INFINITE_RECURSION = YES;
				CLANG_WARN_INT_CONVERSION = YES;
				CLANG_WARN_NON_LITERAL_NULL_CONVERSION = YES;
				CLANG_WARN_OBJC_IMPLICIT_RETAIN_SELF = YES;
				CLANG_WARN_OBJC_LITERAL_CONVERSION = YES;
				CLANG_WARN_OBJC_ROOT_CLASS = YES_ERROR;
				CLANG_WARN_QUOTED_INCLUDE_IN_FRAMEWORK_HEADER = YES;
				CLANG_WARN_RANGE_LOOP_ANALYSIS = YES;
				CLANG_WARN_STRICT_PROTOTYPES = YES;
				CLANG_WARN_SUSPICIOUS_MOVE = YES;
				CLANG_WARN_UNGUARDED_AVAILABILITY = YES_AGGRESSIVE;
				CLANG_WARN_UNREACHABLE_CODE = YES;
				CLANG_WARN__DUPLICATE_METHOD_MATCH = YES;
				COPY_PHASE_STRIP = NO;
				DEBUG_INFORMATION_FORMAT = "dwarf-with-dsym";
				ENABLE_NS_ASSERTIONS = NO;
				ENABLE_STRICT_OBJC_MSGSEND = YES;
				GCC_C_LANGUAGE_STANDARD = gnu11;
				GCC_NO_COMMON_BLOCKS = YES;
				GCC_WARN_64_TO_32_BIT_CONVERSION = YES;
				GCC_WARN_ABOUT_RETURN_TYPE = YES_ERROR;
				GCC_WARN_UNDECLARED_SELECTOR = YES;
				GCC_WARN_UNINITIALIZED_AUTOS = YES_AGGRESSIVE;
				GCC_WARN_UNUSED_FUNCTION = YES;
				GCC_WARN_UNUSED_VARIABLE = YES;
				IPHONEOS_DEPLOYMENT_TARGET = 14.5;
				MTL_ENABLE_DEBUG_INFO = NO;
				MTL_FAST_MATH = YES;
				SDKROOT = iphoneos;
				SWIFT_COMPILATION_MODE = wholemodule;
				SWIFT_OPTIMIZATION_LEVEL = "-O";
				VALIDATE_PRODUCT = YES;
			};
			name = Release;
		};
		BD5047E42732348D0071EE9D /* Debug */ = {
			isa = XCBuildConfiguration;
			baseConfigurationReference = 64644C687AA4C0A99E785143 /* Pods-Instagram.debug.xcconfig */;
			buildSettings = {
				ASSETCATALOG_COMPILER_APPICON_NAME = AppIcon;
				ASSETCATALOG_COMPILER_GLOBAL_ACCENT_COLOR_NAME = AccentColor;
				CODE_SIGN_STYLE = Automatic;
				DEVELOPMENT_TEAM = B77F775TG9;
				INFOPLIST_FILE = Instagram/Info.plist;
				LD_RUNPATH_SEARCH_PATHS = (
					"$(inherited)",
					"@executable_path/Frameworks",
				);
				PRODUCT_BUNDLE_IDENTIFIER = jp.techacademy.GitMi.Hub.Instagram;
				PRODUCT_NAME = "$(TARGET_NAME)";
				SWIFT_VERSION = 5.0;
				TARGETED_DEVICE_FAMILY = 1;
			};
			name = Debug;
		};
		BD5047E52732348D0071EE9D /* Release */ = {
			isa = XCBuildConfiguration;
			baseConfigurationReference = 3ADEF7069A37AB1B5D05ADE6 /* Pods-Instagram.release.xcconfig */;
			buildSettings = {
				ASSETCATALOG_COMPILER_APPICON_NAME = AppIcon;
				ASSETCATALOG_COMPILER_GLOBAL_ACCENT_COLOR_NAME = AccentColor;
				CODE_SIGN_STYLE = Automatic;
				DEVELOPMENT_TEAM = B77F775TG9;
				INFOPLIST_FILE = Instagram/Info.plist;
				LD_RUNPATH_SEARCH_PATHS = (
					"$(inherited)",
					"@executable_path/Frameworks",
				);
				PRODUCT_BUNDLE_IDENTIFIER = jp.techacademy.GitMi.Hub.Instagram;
				PRODUCT_NAME = "$(TARGET_NAME)";
				SWIFT_VERSION = 5.0;
				TARGETED_DEVICE_FAMILY = 1;
			};
			name = Release;
		};
/* End XCBuildConfiguration section */

/* Begin XCConfigurationList section */
		BD5047CA2732348C0071EE9D /* Build configuration list for PBXProject "Instagram" */ = {
			isa = XCConfigurationList;
			buildConfigurations = (
				BD5047E12732348D0071EE9D /* Debug */,
				BD5047E22732348D0071EE9D /* Release */,
			);
			defaultConfigurationIsVisible = 0;
			defaultConfigurationName = Release;
		};
		BD5047E32732348D0071EE9D /* Build configuration list for PBXNativeTarget "Instagram" */ = {
			isa = XCConfigurationList;
			buildConfigurations = (
				BD5047E42732348D0071EE9D /* Debug */,
				BD5047E52732348D0071EE9D /* Release */,
			);
			defaultConfigurationIsVisible = 0;
			defaultConfigurationName = Release;
		};
/* End XCConfigurationList section */
	};
	rootObject = BD5047C72732348C0071EE9D /* Project object */;
}
